name: Refresh dependency lock

on:
  push:
    branches:
      - feature/telegram-miniapp-webgl
    paths:
      - package.json

jobs:
  lock:
    runs-on: ubuntu-latest
    steps:
      - name: Checkout
        uses: actions/checkout@v4

      - name: Use Node.js
        uses: actions/setup-node@v4
        with:
          node-version: 24
          cache: npm

      - name: Regenerate package lock
        run: npm install --package-lock-only --ignore-scripts --no-audit --no-fund

      - name: Upload package lock
        uses: actions/upload-artifact@v4
        with:
          name: dependency-lock
          path: package-lock.json
          if-no-files-found: error
